Microsoft Visual Studio Solution File, Format Version 12.00
# Visual Studio Version 17
VisualStudioVersion = 17.4.33403.182
MinimumVisualStudioVersion = 10.0.40219.1
Project("{2150E333-8FDC-42A3-9474-1A3956D46DE8}") = "src", "src", "{DCAA095E-2796-41FA-A1D0-1134E29309E7}"
EndProject
Project("{2150E333-8FDC-42A3-9474-1A3956D46DE8}") = "tests", "tests", "{06861454-9561-492A-9F93-A33B6F7AE3AB}"
EndProject
Project("{2150E333-8FDC-42A3-9474-1A3956D46DE8}") = "unit", "unit", "{C778E127-C02C-4A37-8E85-3D86DCC063DC}"
EndProject
Project("{2150E333-8FDC-42A3-9474-1A3956D46DE8}") = "acceptance", "acceptance", "{93EBAE55-A8BA-40FF-93AA-7D9E4359B6B9}"
EndProject
Project("{9A19103F-16F7-4668-BE54-9A1E7A4F7556}") = "ErrorHandling", "src\ErrorHandling\ErrorHandling.csproj", "{60E4C6F1-ED8F-40AD-8B39-1EE8FA7BF80D}"
EndProject
Project("{9A19103F-16F7-4668-BE54-9A1E7A4F7556}") = "ExpenseTrackerTests", "tests\unit\TestProject3\ExpenseTrackerTests.csproj", "{C3CE270A-06FC-4B5C-BC39-32F6E18A1702}"
EndProject
Project("{9A19103F-16F7-4668-BE54-9A1E7A4F7556}") = "MemoryManagementProfiling", "src\MemoryManagementProfiling\MemoryManagementProfiling.csproj", "{BA984474-A188-4EF9-AB62-14B89F89EC84}"
EndProject
Project("{2150E333-8FDC-42A3-9474-1A3956D46DE8}") = "Assignment12", "Assignment12", "{DDCBABC4-A14F-45AD-B4A6-3F4CDC2609B7}"
EndProject
Project("{9A19103F-16F7-4668-BE54-9A1E7A4F7556}") = "ReflectionMockingTests", "tests\unit\ReflectionMockingTests\ReflectionMockingTests.csproj", "{44E6C769-2F6B-47A7-BA76-53A79933391A}"
EndProject
Project("{2150E333-8FDC-42A3-9474-1A3956D46DE8}") = "Assignment17Reflection", "Assignment17Reflection", "{5F92ED76-EB62-4C2A-BC16-57D53832C4FE}"
EndProject
Project("{9A19103F-16F7-4668-BE54-9A1E7A4F7556}") = "Plugin1", "src\Assignemnt17Reflection\Plugin1\Plugin1.csproj", "{7D0549F8-56A0-4D4E-8F80-32AE562C5B80}"
EndProject
Project("{9A19103F-16F7-4668-BE54-9A1E7A4F7556}") = "Plugin2", "src\Assignemnt17Reflection\Plugin2\Plugin2.csproj", "{EC2ED93A-2E85-462E-A7F0-29B3A407C191}"
EndProject
Project("{9A19103F-16F7-4668-BE54-9A1E7A4F7556}") = "PluginController", "src\Assignemnt17Reflection\PluginController\PluginController.csproj", "{6E4CDBA3-2565-4F0A-9105-009F536F2B0B}"
EndProject
Project("{9A19103F-16F7-4668-BE54-9A1E7A4F7556}") = "Reflections", "src\Assignemnt17Reflection\Reflections\Reflections.csproj", "{A9C3C273-8BC2-43E8-AA49-8AF22738979A}"
EndProject
Global
	GlobalSection(SolutionConfigurationPlatforms) = preSolution
		Debug|Any CPU = Debug|Any CPU
		Release|Any CPU = Release|Any CPU
	EndGlobalSection
	GlobalSection(ProjectConfigurationPlatforms) = postSolution
		{60E4C6F1-ED8F-40AD-8B39-1EE8FA7BF80D}.Debug|Any CPU.ActiveCfg = Debug|Any CPU
		{60E4C6F1-ED8F-40AD-8B39-1EE8FA7BF80D}.Debug|Any CPU.Build.0 = Debug|Any CPU
		{60E4C6F1-ED8F-40AD-8B39-1EE8FA7BF80D}.Release|Any CPU.ActiveCfg = Release|Any CPU
		{60E4C6F1-ED8F-40AD-8B39-1EE8FA7BF80D}.Release|Any CPU.Build.0 = Release|Any CPU
		{C3CE270A-06FC-4B5C-BC39-32F6E18A1702}.Debug|Any CPU.ActiveCfg = Debug|Any CPU
		{C3CE270A-06FC-4B5C-BC39-32F6E18A1702}.Debug|Any CPU.Build.0 = Debug|Any CPU
		{C3CE270A-06FC-4B5C-BC39-32F6E18A1702}.Release|Any CPU.ActiveCfg = Release|Any CPU
		{C3CE270A-06FC-4B5C-BC39-32F6E18A1702}.Release|Any CPU.Build.0 = Release|Any CPU
		{BA984474-A188-4EF9-AB62-14B89F89EC84}.Debug|Any CPU.ActiveCfg = Debug|Any CPU
		{BA984474-A188-4EF9-AB62-14B89F89EC84}.Debug|Any CPU.Build.0 = Debug|Any CPU
		{BA984474-A188-4EF9-AB62-14B89F89EC84}.Release|Any CPU.ActiveCfg = Release|Any CPU
		{BA984474-A188-4EF9-AB62-14B89F89EC84}.Release|Any CPU.Build.0 = Release|Any CPU
		{44E6C769-2F6B-47A7-BA76-53A79933391A}.Debug|Any CPU.ActiveCfg = Debug|Any CPU
		{44E6C769-2F6B-47A7-BA76-53A79933391A}.Debug|Any CPU.Build.0 = Debug|Any CPU
		{44E6C769-2F6B-47A7-BA76-53A79933391A}.Release|Any CPU.ActiveCfg = Release|Any CPU
		{44E6C769-2F6B-47A7-BA76-53A79933391A}.Release|Any CPU.Build.0 = Release|Any CPU
		{7D0549F8-56A0-4D4E-8F80-32AE562C5B80}.Debug|Any CPU.ActiveCfg = Debug|Any CPU
		{7D0549F8-56A0-4D4E-8F80-32AE562C5B80}.Debug|Any CPU.Build.0 = Debug|Any CPU
		{7D0549F8-56A0-4D4E-8F80-32AE562C5B80}.Release|Any CPU.ActiveCfg = Release|Any CPU
		{7D0549F8-56A0-4D4E-8F80-32AE562C5B80}.Release|Any CPU.Build.0 = Release|Any CPU
		{EC2ED93A-2E85-462E-A7F0-29B3A407C191}.Debug|Any CPU.ActiveCfg = Debug|Any CPU
		{EC2ED93A-2E85-462E-A7F0-29B3A407C191}.Debug|Any CPU.Build.0 = Debug|Any CPU
		{EC2ED93A-2E85-462E-A7F0-29B3A407C191}.Release|Any CPU.ActiveCfg = Release|Any CPU
		{EC2ED93A-2E85-462E-A7F0-29B3A407C191}.Release|Any CPU.Build.0 = Release|Any CPU
		{6E4CDBA3-2565-4F0A-9105-009F536F2B0B}.Debug|Any CPU.ActiveCfg = Debug|Any CPU
		{6E4CDBA3-2565-4F0A-9105-009F536F2B0B}.Debug|Any CPU.Build.0 = Debug|Any CPU
		{6E4CDBA3-2565-4F0A-9105-009F536F2B0B}.Release|Any CPU.ActiveCfg = Release|Any CPU
		{6E4CDBA3-2565-4F0A-9105-009F536F2B0B}.Release|Any CPU.Build.0 = Release|Any CPU
		{A9C3C273-8BC2-43E8-AA49-8AF22738979A}.Debug|Any CPU.ActiveCfg = Debug|Any CPU
		{A9C3C273-8BC2-43E8-AA49-8AF22738979A}.Debug|Any CPU.Build.0 = Debug|Any CPU
		{A9C3C273-8BC2-43E8-AA49-8AF22738979A}.Release|Any CPU.ActiveCfg = Release|Any CPU
		{A9C3C273-8BC2-43E8-AA49-8AF22738979A}.Release|Any CPU.Build.0 = Release|Any CPU
	EndGlobalSection
	GlobalSection(SolutionProperties) = preSolution
		HideSolutionNode = FALSE
	EndGlobalSection
	GlobalSection(NestedProjects) = preSolution
		{C778E127-C02C-4A37-8E85-3D86DCC063DC} = {06861454-9561-492A-9F93-A33B6F7AE3AB}
		{93EBAE55-A8BA-40FF-93AA-7D9E4359B6B9} = {06861454-9561-492A-9F93-A33B6F7AE3AB}
		{60E4C6F1-ED8F-40AD-8B39-1EE8FA7BF80D} = {DCAA095E-2796-41FA-A1D0-1134E29309E7}
		{C3CE270A-06FC-4B5C-BC39-32F6E18A1702} = {C778E127-C02C-4A37-8E85-3D86DCC063DC}
		{BA984474-A188-4EF9-AB62-14B89F89EC84} = {DDCBABC4-A14F-45AD-B4A6-3F4CDC2609B7}
		{DDCBABC4-A14F-45AD-B4A6-3F4CDC2609B7} = {DCAA095E-2796-41FA-A1D0-1134E29309E7}
		{44E6C769-2F6B-47A7-BA76-53A79933391A} = {C778E127-C02C-4A37-8E85-3D86DCC063DC}
		{5F92ED76-EB62-4C2A-BC16-57D53832C4FE} = {DCAA095E-2796-41FA-A1D0-1134E29309E7}
		{7D0549F8-56A0-4D4E-8F80-32AE562C5B80} = {5F92ED76-EB62-4C2A-BC16-57D53832C4FE}
		{EC2ED93A-2E85-462E-A7F0-29B3A407C191} = {5F92ED76-EB62-4C2A-BC16-57D53832C4FE}
		{6E4CDBA3-2565-4F0A-9105-009F536F2B0B} = {5F92ED76-EB62-4C2A-BC16-57D53832C4FE}
		{A9C3C273-8BC2-43E8-AA49-8AF22738979A} = {5F92ED76-EB62-4C2A-BC16-57D53832C4FE}
	EndGlobalSection
	GlobalSection(ExtensibilityGlobals) = postSolution
		SolutionGuid = {D4CECB66-8E11-49D9-AA1E-464EE0231450}
	EndGlobalSection
EndGlobal
